
Microsoft Visual Studio Solution File, Format Version 12.00
# Visual Studio 2012
Project("{FAE04EC0-301F-11D3-BF4B-00C04F79EFBC}") = "SnapAndSave", "SnapAndSave\SnapAndSave.csproj", "{A190B2F9-59FE-4F6E-8FE7-AA8197EC66D2}"
EndProject
Project("{FAE04EC0-301F-11D3-BF4B-00C04F79EFBC}") = "SnapAndSave.iOS", "iOS\SnapAndSave.iOS.csproj", "{2CF5E4D6-D8D2-4204-A146-4E38F83EB37C}"
EndProject
Project("{9344BDBB-3E7F-41FC-A0DD-8665D75EE146}") = "SnapAndSave.Droid", "Droid\SnapAndSave.Droid.csproj", "{A30FE960-1997-4097-A702-4542C892A2C3}"
EndProject
Global
	GlobalSection(SolutionConfigurationPlatforms) = preSolution
		Debug|Any CPU = Debug|Any CPU
		Release|Any CPU = Release|Any CPU
		Debug|iPhoneSimulator = Debug|iPhoneSimulator
		Release|iPhone = Release|iPhone
		Release|iPhoneSimulator = Release|iPhoneSimulator
		Debug|iPhone = Debug|iPhone
	EndGlobalSection
	GlobalSection(ProjectConfigurationPlatforms) = postSolution
		{A190B2F9-59FE-4F6E-8FE7-AA8197EC66D2}.Debug|Any CPU.ActiveCfg = Debug|Any CPU
		{A190B2F9-59FE-4F6E-8FE7-AA8197EC66D2}.Debug|Any CPU.Build.0 = Debug|Any CPU
		{A190B2F9-59FE-4F6E-8FE7-AA8197EC66D2}.Release|Any CPU.ActiveCfg = Release|Any CPU
		{A190B2F9-59FE-4F6E-8FE7-AA8197EC66D2}.Release|Any CPU.Build.0 = Release|Any CPU
		{A190B2F9-59FE-4F6E-8FE7-AA8197EC66D2}.Debug|iPhoneSimulator.ActiveCfg = Debug|Any CPU
		{A190B2F9-59FE-4F6E-8FE7-AA8197EC66D2}.Debug|iPhoneSimulator.Build.0 = Debug|Any CPU
		{A190B2F9-59FE-4F6E-8FE7-AA8197EC66D2}.Release|iPhone.ActiveCfg = Release|Any CPU
		{A190B2F9-59FE-4F6E-8FE7-AA8197EC66D2}.Release|iPhone.Build.0 = Release|Any CPU
		{A190B2F9-59FE-4F6E-8FE7-AA8197EC66D2}.Release|iPhoneSimulator.ActiveCfg = Release|Any CPU
		{A190B2F9-59FE-4F6E-8FE7-AA8197EC66D2}.Release|iPhoneSimulator.Build.0 = Release|Any CPU
		{A190B2F9-59FE-4F6E-8FE7-AA8197EC66D2}.Debug|iPhone.ActiveCfg = Debug|Any CPU
		{A190B2F9-59FE-4F6E-8FE7-AA8197EC66D2}.Debug|iPhone.Build.0 = Debug|Any CPU
		{2CF5E4D6-D8D2-4204-A146-4E38F83EB37C}.Debug|Any CPU.ActiveCfg = Debug|iPhoneSimulator
		{2CF5E4D6-D8D2-4204-A146-4E38F83EB37C}.Debug|Any CPU.Build.0 = Debug|iPhoneSimulator
		{2CF5E4D6-D8D2-4204-A146-4E38F83EB37C}.Release|Any CPU.ActiveCfg = Debug|iPhoneSimulator
		{2CF5E4D6-D8D2-4204-A146-4E38F83EB37C}.Release|Any CPU.Build.0 = Debug|iPhoneSimulator
		{2CF5E4D6-D8D2-4204-A146-4E38F83EB37C}.Debug|iPhoneSimulator.ActiveCfg = Debug|iPhoneSimulator
		{2CF5E4D6-D8D2-4204-A146-4E38F83EB37C}.Debug|iPhoneSimulator.Build.0 = Debug|iPhoneSimulator
		{2CF5E4D6-D8D2-4204-A146-4E38F83EB37C}.Release|iPhone.ActiveCfg = Release|iPhone
		{2CF5E4D6-D8D2-4204-A146-4E38F83EB37C}.Release|iPhone.Build.0 = Release|iPhone
		{2CF5E4D6-D8D2-4204-A146-4E38F83EB37C}.Release|iPhoneSimulator.ActiveCfg = Release|iPhoneSimulator
		{2CF5E4D6-D8D2-4204-A146-4E38F83EB37C}.Release|iPhoneSimulator.Build.0 = Release|iPhoneSimulator
		{2CF5E4D6-D8D2-4204-A146-4E38F83EB37C}.Debug|iPhone.ActiveCfg = Debug|iPhone
		{2CF5E4D6-D8D2-4204-A146-4E38F83EB37C}.Debug|iPhone.Build.0 = Debug|iPhone
		{A30FE960-1997-4097-A702-4542C892A2C3}.Debug|Any CPU.ActiveCfg = Debug|Any CPU
		{A30FE960-1997-4097-A702-4542C892A2C3}.Debug|Any CPU.Build.0 = Debug|Any CPU
		{A30FE960-1997-4097-A702-4542C892A2C3}.Release|Any CPU.ActiveCfg = Release|Any CPU
		{A30FE960-1997-4097-A702-4542C892A2C3}.Release|Any CPU.Build.0 = Release|Any CPU
		{A30FE960-1997-4097-A702-4542C892A2C3}.Debug|iPhoneSimulator.ActiveCfg = Debug|Any CPU
		{A30FE960-1997-4097-A702-4542C892A2C3}.Debug|iPhoneSimulator.Build.0 = Debug|Any CPU
		{A30FE960-1997-4097-A702-4542C892A2C3}.Release|iPhone.ActiveCfg = Release|Any CPU
		{A30FE960-1997-4097-A702-4542C892A2C3}.Release|iPhone.Build.0 = Release|Any CPU
		{A30FE960-1997-4097-A702-4542C892A2C3}.Release|iPhoneSimulator.ActiveCfg = Release|Any CPU
		{A30FE960-1997-4097-A702-4542C892A2C3}.Release|iPhoneSimulator.Build.0 = Release|Any CPU
		{A30FE960-1997-4097-A702-4542C892A2C3}.Debug|iPhone.ActiveCfg = Debug|Any CPU
		{A30FE960-1997-4097-A702-4542C892A2C3}.Debug|iPhone.Build.0 = Debug|Any CPU
	EndGlobalSection
EndGlobal
